Microsoft Visual Studio Solution File, Format Version 11.00
# Visual Studio 2008

Project("{1181BFAD-977E-8A47-0E97-08D4F270BD17}") = "Arquiteto-Virtual-Cozinha", "Assembly-CSharp-firstpass.csproj", "{12BE1EE2-DD30-FAF9-208C-7A8A22B0D24A}"
EndProject
Project("{1181BFAD-977E-8A47-0E97-08D4F270BD17}") = "Arquiteto-Virtual-Cozinha", "Assembly-CSharp.csproj", "{343FD235-815B-0983-4164-ADA5D2250D4B}"
EndProject
Project("{1181BFAD-977E-8A47-0E97-08D4F270BD17}") = "Arquiteto-Virtual-Cozinha", "Assembly-CSharp-Editor.csproj", "{7D246429-A6EA-1628-2AB5-580AB4E39DDF}"
EndProject
Project("{1181BFAD-977E-8A47-0E97-08D4F270BD17}") = "Arquiteto-Virtual-Cozinha", "Assembly-UnityScript-firstpass.unityproj", "{06586CED-92D5-AE0B-ED40-FBEE1ACE4411}"
EndProject
Project("{1181BFAD-977E-8A47-0E97-08D4F270BD17}") = "Arquiteto-Virtual-Cozinha", "Assembly-UnityScript.unityproj", "{732B6426-AE6D-1792-3CBA-5A5284FF6288}"
EndProject
Project("{1181BFAD-977E-8A47-0E97-08D4F270BD17}") = "Arquiteto-Virtual-Cozinha", "Assembly-UnityScript-Editor-firstpass.unityproj", "{E0A038FC-BDE2-F3A4-3AE8-F9B159FC5ACB}"
EndProject
Project("{1181BFAD-977E-8A47-0E97-08D4F270BD17}") = "Arquiteto-Virtual-Cozinha", "Assembly-UnityScript-Editor.unityproj", "{C7D5182D-239E-4150-A7FA-2BD5CA8ACF2D}"
EndProject
Global
	GlobalSection(SolutionConfigurationPlatforms) = preSolution
		Debug|Any CPU = Debug|Any CPU
		Release|Any CPU = Release|Any CPU
	EndGlobalSection
	GlobalSection(ProjectConfigurationPlatforms) = postSolution
		{12BE1EE2-DD30-FAF9-208C-7A8A22B0D24A}.Debug|Any CPU.ActiveCfg = Debug|Any CPU
		{12BE1EE2-DD30-FAF9-208C-7A8A22B0D24A}.Debug|Any CPU.Build.0 = Debug|Any CPU
		{12BE1EE2-DD30-FAF9-208C-7A8A22B0D24A}.Release|Any CPU.ActiveCfg = Release|Any CPU
		{12BE1EE2-DD30-FAF9-208C-7A8A22B0D24A}.Release|Any CPU.Build.0 = Release|Any CPU
		{343FD235-815B-0983-4164-ADA5D2250D4B}.Debug|Any CPU.ActiveCfg = Debug|Any CPU
		{343FD235-815B-0983-4164-ADA5D2250D4B}.Debug|Any CPU.Build.0 = Debug|Any CPU
		{343FD235-815B-0983-4164-ADA5D2250D4B}.Release|Any CPU.ActiveCfg = Release|Any CPU
		{343FD235-815B-0983-4164-ADA5D2250D4B}.Release|Any CPU.Build.0 = Release|Any CPU
		{7D246429-A6EA-1628-2AB5-580AB4E39DDF}.Debug|Any CPU.ActiveCfg = Debug|Any CPU
		{7D246429-A6EA-1628-2AB5-580AB4E39DDF}.Debug|Any CPU.Build.0 = Debug|Any CPU
		{7D246429-A6EA-1628-2AB5-580AB4E39DDF}.Release|Any CPU.ActiveCfg = Release|Any CPU
		{7D246429-A6EA-1628-2AB5-580AB4E39DDF}.Release|Any CPU.Build.0 = Release|Any CPU
		{06586CED-92D5-AE0B-ED40-FBEE1ACE4411}.Debug|Any CPU.ActiveCfg = Debug|Any CPU
		{06586CED-92D5-AE0B-ED40-FBEE1ACE4411}.Debug|Any CPU.Build.0 = Debug|Any CPU
		{06586CED-92D5-AE0B-ED40-FBEE1ACE4411}.Release|Any CPU.ActiveCfg = Release|Any CPU
		{06586CED-92D5-AE0B-ED40-FBEE1ACE4411}.Release|Any CPU.Build.0 = Release|Any CPU
		{732B6426-AE6D-1792-3CBA-5A5284FF6288}.Debug|Any CPU.ActiveCfg = Debug|Any CPU
		{732B6426-AE6D-1792-3CBA-5A5284FF6288}.Debug|Any CPU.Build.0 = Debug|Any CPU
		{732B6426-AE6D-1792-3CBA-5A5284FF6288}.Release|Any CPU.ActiveCfg = Release|Any CPU
		{732B6426-AE6D-1792-3CBA-5A5284FF6288}.Release|Any CPU.Build.0 = Release|Any CPU
		{E0A038FC-BDE2-F3A4-3AE8-F9B159FC5ACB}.Debug|Any CPU.ActiveCfg = Debug|Any CPU
		{E0A038FC-BDE2-F3A4-3AE8-F9B159FC5ACB}.Debug|Any CPU.Build.0 = Debug|Any CPU
		{E0A038FC-BDE2-F3A4-3AE8-F9B159FC5ACB}.Release|Any CPU.ActiveCfg = Release|Any CPU
		{E0A038FC-BDE2-F3A4-3AE8-F9B159FC5ACB}.Release|Any CPU.Build.0 = Release|Any CPU
		{C7D5182D-239E-4150-A7FA-2BD5CA8ACF2D}.Debug|Any CPU.ActiveCfg = Debug|Any CPU
		{C7D5182D-239E-4150-A7FA-2BD5CA8ACF2D}.Debug|Any CPU.Build.0 = Debug|Any CPU
		{C7D5182D-239E-4150-A7FA-2BD5CA8ACF2D}.Release|Any CPU.ActiveCfg = Release|Any CPU
		{C7D5182D-239E-4150-A7FA-2BD5CA8ACF2D}.Release|Any CPU.Build.0 = Release|Any CPU
	EndGlobalSection
	GlobalSection(SolutionProperties) = preSolution
		HideSolutionNode = FALSE
	EndGlobalSection
																															GlobalSection(MonoDevelopProperties) = preSolution
		StartupItem = Assembly-CSharp.csproj
		Policies = $0
		$0.TextStylePolicy = $1
		$1.inheritsSet = null
		$1.scope = text/x-csharp
		$0.CSharpFormattingPolicy = $2
		$2.inheritsSet = Mono
		$2.inheritsScope = text/x-csharp
		$2.scope = text/x-csharp
		$0.TextStylePolicy = $3
		$3.FileWidth = 120
		$3.TabWidth = 4
		$3.EolMarker = Unix
		$3.inheritsSet = Mono
		$3.inheritsScope = text/plain
		$3.scope = text/plain
	EndGlobalSection

EndGlobal
